
Microsoft Visual Studio Solution File, Format Version 12.00
# Visual Studio Version 17
VisualStudioVersion = 17.9.34728.123
MinimumVisualStudioVersion = 10.0.40219.1
Project("{FAE04EC0-301F-11D3-BF4B-00C04F79EFBC}") = "DecimalConversions", "DecimalConversions\DecimalConversions.csproj", "{216AC87F-8C3F-4CDC-BFBF-A972E5223AAE}"
EndProject
Global
	GlobalSection(SolutionConfigurationPlatforms) = preSolution
		Debug|Any CPU = Debug|Any CPU
		Release|Any CPU = Release|Any CPU
	EndGlobalSection
	GlobalSection(ProjectConfigurationPlatforms) = postSolution
		{216AC87F-8C3F-4CDC-BFBF-A972E5223AAE}.Debug|Any CPU.ActiveCfg = Debug|Any CPU
		{216AC87F-8C3F-4CDC-BFBF-A972E5223AAE}.Debug|Any CPU.Build.0 = Debug|Any CPU
		{216AC87F-8C3F-4CDC-BFBF-A972E5223AAE}.Release|Any CPU.ActiveCfg = Release|Any CPU
		{216AC87F-8C3F-4CDC-BFBF-A972E5223AAE}.Release|Any CPU.Build.0 = Release|Any CPU
	EndGlobalSection
	GlobalSection(SolutionProperties) = preSolution
		HideSolutionNode = FALSE
	EndGlobalSection
	GlobalSection(ExtensibilityGlobals) = postSolution
		SolutionGuid = {86855B58-786C-4860-A91A-AC75E792FFBC}
	EndGlobalSection
EndGlobal
